{
  "name": "axios-demo",
  "version": "1.0.0",
  "lockfileVersion": 1,
  "requires": true,
  "dependencies": {
    "@babel/runtime": {
      "version": "7.13.10",
      "resolved": "https://registry.npm.taobao.org/@babel/runtime/download/@babel/runtime-7.13.10.tgz?cache=0&sync_timestamp=1615243066705&other_urls=https%3A%2F%2Fregistry.npm.taobao.org%2F%40babel%2Fruntime%2Fdownload%2F%40babel%2Fruntime-7.13.10.tgz",
      "integrity": "sha1-R9QqV7YJX0Ro2kQDiP262L6/DX0=",
      "requires": {
        "regenerator-runtime": "^0.13.4"
      }
    },
    "@popperjs/core": {
      "version": "2.9.1",
      "resolved": "https://registry.npm.taobao.org/@popperjs/core/download/@popperjs/core-2.9.1.tgz",
      "integrity": "sha1-f1VOc2jJq2eaEfSgQsoXFJ1wzxI="
    },
    "@vant/icons": {
      "version": "1.5.2",
      "resolved": "https://registry.npm.taobao.org/@vant/icons/download/@vant/icons-1.5.2.tgz?cache=0&sync_timestamp=1613997425951&other_urls=https%3A%2F%2Fregistry.npm.taobao.org%2F%40vant%2Ficons%2Fdownload%2F%40vant%2Ficons-1.5.2.tgz",
      "integrity": "sha1-Pz6jU6DqzTjBE3V70xg2SJ+ssQs="
    },
    "@vant/popperjs": {
      "version": "1.0.4",
      "resolved": "https://registry.npm.taobao.org/@vant/popperjs/download/@vant/popperjs-1.0.4.tgz",
      "integrity": "sha1-ScIICaOCjnsDbiPVD7VhIemXYY8=",
      "requires": {
        "@popperjs/core": "^2.5.4"
      }
    },
    "@vue/babel-helper-vue-jsx-merge-props": {
      "version": "1.2.1",
      "resolved": "https://registry.npm.taobao.org/@vue/babel-helper-vue-jsx-merge-props/download/@vue/babel-helper-vue-jsx-merge-props-1.2.1.tgz?cache=0&sync_timestamp=1602851122331&other_urls=https%3A%2F%2Fregistry.npm.taobao.org%2F%40vue%2Fbabel-helper-vue-jsx-merge-props%2Fdownload%2F%40vue%2Fbabel-helper-vue-jsx-merge-props-1.2.1.tgz",
      "integrity": "sha1-MWJKelBfsU2h1YAjclpMXycOaoE="
    },
    "axios": {
      "version": "0.21.1",
      "resolved": "https://registry.npm.taobao.org/axios/download/axios-0.21.1.tgz",
      "integrity": "sha1-IlY0gZYvTWvemnbVFu8OXTwJsrg=",
      "requires": {
        "follow-redirects": "^1.10.0"
      }
    },
    "call-bind": {
      "version": "1.0.2",
      "resolved": "https://registry.npm.taobao.org/call-bind/download/call-bind-1.0.2.tgz",
      "integrity": "sha1-sdTonmiBGcPJqQOtMKuy9qkZvjw=",
      "requires": {
        "function-bind": "^1.1.1",
        "get-intrinsic": "^1.0.2"
      }
    },
    "follow-redirects": {
      "version": "1.13.3",
      "resolved": "https://registry.npm.taobao.org/follow-redirects/download/follow-redirects-1.13.3.tgz",
      "integrity": "sha1-5VmK1QF0wbxOhyMB6CrCzZf5Amc="
    },
    "function-bind": {
      "version": "1.1.1",
      "resolved": "https://registry.npm.taobao.org/function-bind/download/function-bind-1.1.1.tgz",
      "integrity": "sha1-pWiZ0+o8m6uHS7l3O3xe3pL0iV0="
    },
    "get-intrinsic": {
      "version": "1.1.1",
      "resolved": "https://registry.npm.taobao.org/get-intrinsic/download/get-intrinsic-1.1.1.tgz?cache=0&sync_timestamp=1612364696489&other_urls=https%3A%2F%2Fregistry.npm.taobao.org%2Fget-intrinsic%2Fdownload%2Fget-intrinsic-1.1.1.tgz",
      "integrity": "sha1-FfWfN2+FXERpY5SPDSTNNje0q8Y=",
      "requires": {
        "function-bind": "^1.1.1",
        "has": "^1.0.3",
        "has-symbols": "^1.0.1"
      }
    },
    "has": {
      "version": "1.0.3",
      "resolved": "https://registry.npm.taobao.org/has/download/has-1.0.3.tgz",
      "integrity": "sha1-ci18v8H2qoJB8W3YFOAR4fQeh5Y=",
      "requires": {
        "function-bind": "^1.1.1"
      }
    },
    "has-symbols": {
      "version": "1.0.2",
      "resolved": "https://registry.npm.taobao.org/has-symbols/download/has-symbols-1.0.2.tgz?cache=0&sync_timestamp=1614443484522&other_urls=https%3A%2F%2Fregistry.npm.taobao.org%2Fhas-symbols%2Fdownload%2Fhas-symbols-1.0.2.tgz",
      "integrity": "sha1-Fl0wcMADCXUqEjakeTMeOsVvFCM="
    },
    "object-inspect": {
      "version": "1.9.0",
      "resolved": "https://registry.npm.taobao.org/object-inspect/download/object-inspect-1.9.0.tgz?cache=0&sync_timestamp=1606804209430&other_urls=https%3A%2F%2Fregistry.npm.taobao.org%2Fobject-inspect%2Fdownload%2Fobject-inspect-1.9.0.tgz",
      "integrity": "sha1-yQUh104RJ7ZyZt7TOUrWEWmGUzo="
    },
    "qs": {
      "version": "6.10.1",
      "resolved": "https://registry.npm.taobao.org/qs/download/qs-6.10.1.tgz",
      "integrity": "sha1-STFIL6jWR6Wqt5nFJx0hM7mB+2o=",
      "requires": {
        "side-channel": "^1.0.4"
      }
    },
    "regenerator-runtime": {
      "version": "0.13.7",
      "resolved": "https://registry.npm.taobao.org/regenerator-runtime/download/regenerator-runtime-0.13.7.tgz",
      "integrity": "sha1-ysLazIoepnX+qrrriugziYrkb1U="
    },
    "side-channel": {
      "version": "1.0.4",
      "resolved": "https://registry.npm.taobao.org/side-channel/download/side-channel-1.0.4.tgz?cache=0&sync_timestamp=1609270210432&other_urls=https%3A%2F%2Fregistry.npm.taobao.org%2Fside-channel%2Fdownload%2Fside-channel-1.0.4.tgz",
      "integrity": "sha1-785cj9wQTudRslxY1CkAEfpeos8=",
      "requires": {
        "call-bind": "^1.0.0",
        "get-intrinsic": "^1.0.2",
        "object-inspect": "^1.9.0"
      }
    },
    "vant": {
      "version": "2.12.10",
      "resolved": "https://registry.npm.taobao.org/vant/download/vant-2.12.10.tgz",
      "integrity": "sha1-tKZPhHwJjHGtaWzjTWjOoHwCwwg=",
      "requires": {
        "@babel/runtime": "7.x",
        "@vant/icons": "1.5.2",
        "@vant/popperjs": "^1.0.0",
        "@vue/babel-helper-vue-jsx-merge-props": "^1.0.0",
        "vue-lazyload": "1.2.3"
      }
    },
    "vue-lazyload": {
      "version": "1.2.3",
      "resolved": "https://registry.npm.taobao.org/vue-lazyload/download/vue-lazyload-1.2.3.tgz",
      "integrity": "sha1-kB+ewVx+bKeHgaK65KNDaGve2yw="
    },
    "vuex": {
      "version": "3.6.2",
      "resolved": "https://registry.npm.taobao.org/vuex/download/vuex-3.6.2.tgz",
      "integrity": "sha1-I2vAhqhww655lG8QfxbeWdWJXnE="
    }
  }
}
